
Microsoft Visual Studio Solution File, Format Version 12.00
# Visual Studio Version 17
VisualStudioVersion = 17.3.32929.385
MinimumVisualStudioVersion = 10.0.40219.1
Project("{2150E333-8FDC-42A3-9474-1A3956D46DE8}") = "src", "src", "{56E7CB56-C854-4CD6-8A6C-9848C4FEF141}"
EndProject
Project("{2150E333-8FDC-42A3-9474-1A3956D46DE8}") = "services", "services", "{E84D4A22-2B4E-4FA3-9957-5470EF54AF1C}"
EndProject
Project("{2150E333-8FDC-42A3-9474-1A3956D46DE8}") = "Domain", "Domain", "{3B771285-24C6-406C-AEE0-B99BFD24B63D}"
EndProject
Project("{9A19103F-16F7-4668-BE54-9A1E7A4F7556}") = "Confitec.Identidade.API", "Confitec.Identidade.API\Confitec.Identidade.API.csproj", "{5EB751B7-9DB2-4F34-B3EB-38E9AC6921EB}"
EndProject
Project("{9A19103F-16F7-4668-BE54-9A1E7A4F7556}") = "Confitec.User.Domain", "Confitec.User.Domain\Confitec.User.Domain.csproj", "{BD8D11F6-60F9-4AAA-99B9-E2FB435C1C6F}"
EndProject
Project("{2150E333-8FDC-42A3-9474-1A3956D46DE8}") = "Infra", "Infra", "{E7B80222-A02D-488D-B86F-20A442810700}"
EndProject
Project("{FAE04EC0-301F-11D3-BF4B-00C04F79EFBC}") = "Confitec.Infra.CrossCutting.IoC", "Confitec.Infra.CrossCutting.IoC\Confitec.Infra.CrossCutting.IoC.csproj", "{914AAE58-8AB7-44D7-9138-54CA5BCFCF8B}"
EndProject
Project("{FAE04EC0-301F-11D3-BF4B-00C04F79EFBC}") = "Confitec.Infra.CrossCutting.Bus", "Confitec.Infra.CrossCutting.Bus\Confitec.Infra.CrossCutting.Bus.csproj", "{CC67DEE3-3EB1-4A26-B51F-30495E296C0A}"
EndProject
Project("{2150E333-8FDC-42A3-9474-1A3956D46DE8}") = "Data", "Data", "{A06D1DBC-83FE-4A24-AB89-9FB8DBA07C0B}"
EndProject
Project("{2150E333-8FDC-42A3-9474-1A3956D46DE8}") = "CrossCuting", "CrossCuting", "{C444ACE4-AC66-46DC-80F1-618AFF22B723}"
EndProject
Project("{FAE04EC0-301F-11D3-BF4B-00C04F79EFBC}") = "Confitec.Infra.Data", "Confitec.Infra.Data\Confitec.Infra.Data.csproj", "{5CCDCEA2-4ABA-48A7-8E67-2AF215390B02}"
EndProject
Project("{2150E333-8FDC-42A3-9474-1A3956D46DE8}") = "Application", "Application", "{B997F92F-07ED-4A70-A3CD-0B553ACE0842}"
EndProject
Project("{FAE04EC0-301F-11D3-BF4B-00C04F79EFBC}") = "Confitec.Application", "Confitec.Application\Confitec.Application.csproj", "{47675FE9-69CF-4745-8D47-08AB4C69BA12}"
EndProject
Global
	GlobalSection(SolutionConfigurationPlatforms) = preSolution
		Debug|Any CPU = Debug|Any CPU
		Release|Any CPU = Release|Any CPU
	EndGlobalSection
	GlobalSection(ProjectConfigurationPlatforms) = postSolution
		{5EB751B7-9DB2-4F34-B3EB-38E9AC6921EB}.Debug|Any CPU.ActiveCfg = Debug|Any CPU
		{5EB751B7-9DB2-4F34-B3EB-38E9AC6921EB}.Debug|Any CPU.Build.0 = Debug|Any CPU
		{5EB751B7-9DB2-4F34-B3EB-38E9AC6921EB}.Release|Any CPU.ActiveCfg = Release|Any CPU
		{5EB751B7-9DB2-4F34-B3EB-38E9AC6921EB}.Release|Any CPU.Build.0 = Release|Any CPU
		{BD8D11F6-60F9-4AAA-99B9-E2FB435C1C6F}.Debug|Any CPU.ActiveCfg = Debug|Any CPU
		{BD8D11F6-60F9-4AAA-99B9-E2FB435C1C6F}.Debug|Any CPU.Build.0 = Debug|Any CPU
		{BD8D11F6-60F9-4AAA-99B9-E2FB435C1C6F}.Release|Any CPU.ActiveCfg = Release|Any CPU
		{BD8D11F6-60F9-4AAA-99B9-E2FB435C1C6F}.Release|Any CPU.Build.0 = Release|Any CPU
		{914AAE58-8AB7-44D7-9138-54CA5BCFCF8B}.Debug|Any CPU.ActiveCfg = Debug|Any CPU
		{914AAE58-8AB7-44D7-9138-54CA5BCFCF8B}.Debug|Any CPU.Build.0 = Debug|Any CPU
		{914AAE58-8AB7-44D7-9138-54CA5BCFCF8B}.Release|Any CPU.ActiveCfg = Release|Any CPU
		{914AAE58-8AB7-44D7-9138-54CA5BCFCF8B}.Release|Any CPU.Build.0 = Release|Any CPU
		{CC67DEE3-3EB1-4A26-B51F-30495E296C0A}.Debug|Any CPU.ActiveCfg = Debug|Any CPU
		{CC67DEE3-3EB1-4A26-B51F-30495E296C0A}.Debug|Any CPU.Build.0 = Debug|Any CPU
		{CC67DEE3-3EB1-4A26-B51F-30495E296C0A}.Release|Any CPU.ActiveCfg = Release|Any CPU
		{CC67DEE3-3EB1-4A26-B51F-30495E296C0A}.Release|Any CPU.Build.0 = Release|Any CPU
		{5CCDCEA2-4ABA-48A7-8E67-2AF215390B02}.Debug|Any CPU.ActiveCfg = Debug|Any CPU
		{5CCDCEA2-4ABA-48A7-8E67-2AF215390B02}.Debug|Any CPU.Build.0 = Debug|Any CPU
		{5CCDCEA2-4ABA-48A7-8E67-2AF215390B02}.Release|Any CPU.ActiveCfg = Release|Any CPU
		{5CCDCEA2-4ABA-48A7-8E67-2AF215390B02}.Release|Any CPU.Build.0 = Release|Any CPU
		{47675FE9-69CF-4745-8D47-08AB4C69BA12}.Debug|Any CPU.ActiveCfg = Debug|Any CPU
		{47675FE9-69CF-4745-8D47-08AB4C69BA12}.Debug|Any CPU.Build.0 = Debug|Any CPU
		{47675FE9-69CF-4745-8D47-08AB4C69BA12}.Release|Any CPU.ActiveCfg = Release|Any CPU
		{47675FE9-69CF-4745-8D47-08AB4C69BA12}.Release|Any CPU.Build.0 = Release|Any CPU
	EndGlobalSection
	GlobalSection(SolutionProperties) = preSolution
		HideSolutionNode = FALSE
	EndGlobalSection
	GlobalSection(NestedProjects) = preSolution
		{E84D4A22-2B4E-4FA3-9957-5470EF54AF1C} = {56E7CB56-C854-4CD6-8A6C-9848C4FEF141}
		{3B771285-24C6-406C-AEE0-B99BFD24B63D} = {56E7CB56-C854-4CD6-8A6C-9848C4FEF141}
		{5EB751B7-9DB2-4F34-B3EB-38E9AC6921EB} = {E84D4A22-2B4E-4FA3-9957-5470EF54AF1C}
		{BD8D11F6-60F9-4AAA-99B9-E2FB435C1C6F} = {3B771285-24C6-406C-AEE0-B99BFD24B63D}
		{E7B80222-A02D-488D-B86F-20A442810700} = {56E7CB56-C854-4CD6-8A6C-9848C4FEF141}
		{914AAE58-8AB7-44D7-9138-54CA5BCFCF8B} = {C444ACE4-AC66-46DC-80F1-618AFF22B723}
		{CC67DEE3-3EB1-4A26-B51F-30495E296C0A} = {C444ACE4-AC66-46DC-80F1-618AFF22B723}
		{A06D1DBC-83FE-4A24-AB89-9FB8DBA07C0B} = {E7B80222-A02D-488D-B86F-20A442810700}
		{C444ACE4-AC66-46DC-80F1-618AFF22B723} = {E7B80222-A02D-488D-B86F-20A442810700}
		{5CCDCEA2-4ABA-48A7-8E67-2AF215390B02} = {A06D1DBC-83FE-4A24-AB89-9FB8DBA07C0B}
		{B997F92F-07ED-4A70-A3CD-0B553ACE0842} = {56E7CB56-C854-4CD6-8A6C-9848C4FEF141}
		{47675FE9-69CF-4745-8D47-08AB4C69BA12} = {B997F92F-07ED-4A70-A3CD-0B553ACE0842}
	EndGlobalSection
	GlobalSection(ExtensibilityGlobals) = postSolution
		SolutionGuid = {220F74B8-9B0B-46C3-B4E4-07DD0530AEFD}
	EndGlobalSection
EndGlobal
